{
    "_readme": [
        "This file locks the dependencies of your project to a known state",
        "Read more about it at https://getcomposer.org/doc/01-basic-usage.md#composer-lock-the-lock-file",
        "This file is @generated automatically"
    ],
    "hash": "1c80e7e9e775a19d1d4c58fdacdf0d19",
    "content-hash": "a4c6a129d621424a3fc069f2674a35d1",
    "packages": [
        {
            "name": "vrana/adminer",
            "version": "v4.3.1",
            "source": {
                "type": "git",
                "url": "https://github.com/vrana/adminer.git",
                "reference": "7af1ee3702420620641d075ebfd54d4b1d220409"
            },
            "dist": {
                "type": "zip",
                "url": "https://api.github.com/repos/vrana/adminer/zipball/7af1ee3702420620641d075ebfd54d4b1d220409",
                "reference": "7af1ee3702420620641d075ebfd54d4b1d220409",
                "shasum": ""
            },
            "type": "library",
            "autoload": {
                "classmap": [
                    "plugins/"
                ]
            },
            "notification-url": "https://packagist.org/downloads/",
            "license": [
                "Apache-2.0",
                "GPL-2.0"
            ],
            "authors": [
                {
                    "name": "Jakub Vrána",
                    "homepage": "https://www.vrana.cz/"
                }
            ],
            "description": "Database management in a single PHP file.",
            "homepage": "https://www.adminer.org/",
            "keywords": [
                "database"
            ],
            "time": "2017-04-14 07:48:11"
        }
    ],
    "packages-dev": [],
    "aliases": [],
    "minimum-stability": "stable",
    "stability-flags": [],
    "prefer-stable": false,
    "prefer-lowest": false,
    "platform": {
        "php": ">=5.3.0"
    },
    "platform-dev": []
}
