{
    "_readme": [
        "This file locks the dependencies of your project to a known state",
        "Read more about it at https://getcomposer.org/doc/01-basic-usage.md#installing-dependencies",
        "This file is @generated automatically"
    ],
    "content-hash": "4727341caf3018135ac6f483ca040bb1",
    "packages": [
        {
            "name": "vrana/adminer",
            "version": "v4.7.1",
            "source": {
                "type": "git",
                "url": "https://github.com/vrana/adminer.git",
                "reference": "7247f801bd06e51347d7ea671484e0fa6a883cbb"
            },
            "dist": {
                "type": "zip",
                "url": "https://api.github.com/repos/vrana/adminer/zipball/7247f801bd06e51347d7ea671484e0fa6a883cbb",
                "reference": "7247f801bd06e51347d7ea671484e0fa6a883cbb",
                "shasum": ""
            },
            "type": "library",
            "autoload": {
                "classmap": [
                    "plugins/"
                ]
            },
            "notification-url": "https://packagist.org/downloads/",
            "license": [
                "Apache-2.0",
                "GPL-2.0-only"
            ],
            "authors": [
                {
                    "name": "Jakub Vrána",
                    "homepage": "https://www.vrana.cz/"
                }
            ],
            "description": "Database management in a single PHP file.",
            "homepage": "https://www.adminer.org/",
            "keywords": [
                "database"
            ],
            "time": "2019-01-24T14:57:17+00:00"
        }
    ],
    "packages-dev": [],
    "aliases": [],
    "minimum-stability": "stable",
    "stability-flags": [],
    "prefer-stable": false,
    "prefer-lowest": false,
    "platform": {
        "php": ">=5.3.0"
    },
    "platform-dev": []
}
