{
    "_readme": [
        "This file locks the dependencies of your project to a known state",
        "Read more about it at https://getcomposer.org/doc/01-basic-usage.md#installing-dependencies",
        "This file is @generated automatically"
    ],
    "content-hash": "4727341caf3018135ac6f483ca040bb1",
    "packages": [
        {
            "name": "vrana/adminer",
            "version": "v4.7.8",
            "source": {
                "type": "git",
                "url": "https://github.com/vrana/adminer.git",
                "reference": "190146672f6ce9b8f08af2d7e7a5e8f768d32ee6"
            },
            "dist": {
                "type": "zip",
                "url": "https://api.github.com/repos/vrana/adminer/zipball/190146672f6ce9b8f08af2d7e7a5e8f768d32ee6",
                "reference": "190146672f6ce9b8f08af2d7e7a5e8f768d32ee6",
                "shasum": ""
            },
            "type": "library",
            "autoload": {
                "classmap": [
                    "plugins/"
                ]
            },
            "notification-url": "https://packagist.org/downloads/",
            "license": [
                "Apache-2.0",
                "GPL-2.0-only"
            ],
            "authors": [
                {
                    "name": "Jakub Vrána",
                    "homepage": "https://www.vrana.cz/"
                }
            ],
            "description": "Database management in a single PHP file.",
            "homepage": "https://www.adminer.org/",
            "keywords": [
                "database"
            ],
            "funding": [
                {
                    "url": "https://sourceforge.net/p/adminer/donate/",
                    "type": "custom"
                },
                {
                    "url": "https://www.patreon.com/jakubvrana",
                    "type": "patreon"
                }
            ],
            "time": "2020-12-06T12:58:20+00:00"
        }
    ],
    "packages-dev": [],
    "aliases": [],
    "minimum-stability": "stable",
    "stability-flags": [],
    "prefer-stable": false,
    "prefer-lowest": false,
    "platform": {
        "php": ">=5.3.0"
    },
    "platform-dev": [],
    "plugin-api-version": "1.1.0"
}
